<?xml version="1.0" encoding="UTF-8"?>
<!DOCTYPE plist PUBLIC "-//Apple//DTD PLIST 1.0//EN" "http://www.apple.com/DTDs/PropertyList-1.0.dtd">
<plist version="1.0">
<dict>
	<key>archiveVersion</key>
	<string>1</string>
	<key>classes</key>
	<dict/>
	<key>objectVersion</key>
	<string>46</string>
	<key>objects</key>
	<dict>
		<key>05CDF59E194D820C002E3AC3</key>
		<dict>
			<key>isa</key>
			<string>PBXFileReference</string>
			<key>lastKnownFileType</key>
			<string>file</string>
			<key>name</key>
			<string>ProximaNova-Black.otf</string>
			<key>path</key>
			<string>../../../Downloads/ProximaNova-Black.otf</string>
			<key>sourceTree</key>
			<string>&lt;group&gt;</string>
		</dict>
		<key>05CDF59F194D820C002E3AC3</key>
		<dict>
			<key>fileRef</key>
			<string>05CDF59E194D820C002E3AC3</string>
			<key>isa</key>
			<string>PBXBuildFile</string>
		</dict>
		<key>21CEE55B9C22417192EEE2CD</key>
		<dict>
			<key>explicitFileType</key>
			<string>archive.ar</string>
			<key>includeInIndex</key>
			<string>0</string>
			<key>isa</key>
			<string>PBXFileReference</string>
			<key>path</key>
			<string>libPods-HungryDog.a</string>
			<key>sourceTree</key>
			<string>BUILT_PRODUCTS_DIR</string>
		</dict>
		<key>4751FF6C679C4FA588A21E48</key>
		<dict>
			<key>buildActionMask</key>
			<string>2147483647</string>
			<key>files</key>
			<array/>
			<key>inputPaths</key>
			<array/>
			<key>isa</key>
			<string>PBXShellScriptBuildPhase</string>
			<key>name</key>
			<string>Check Pods Manifest.lock</string>
			<key>outputPaths</key>
			<array/>
			<key>runOnlyForDeploymentPostprocessing</key>
			<string>0</string>
			<key>shellPath</key>
			<string>/bin/sh</string>
			<key>shellScript</key>
			<string>diff "${PODS_ROOT}/../Podfile.lock" "${PODS_ROOT}/Manifest.lock" &gt; /dev/null
if [[ $? != 0 ]] ; then
    cat &lt;&lt; EOM
error: The sandbox is not in sync with the Podfile.lock. Run 'pod install' or update your CocoaPods installation.
EOM
    exit 1
fi
</string>
			<key>showEnvVarsInLog</key>
			<string>0</string>
		</dict>
		<key>6FB98A56FD244EBE8CE41400</key>
		<dict>
			<key>buildActionMask</key>
			<string>2147483647</string>
			<key>files</key>
			<array/>
			<key>inputPaths</key>
			<array/>
			<key>isa</key>
			<string>PBXShellScriptBuildPhase</string>
			<key>name</key>
			<string>Copy Pods Resources</string>
			<key>outputPaths</key>
			<array/>
			<key>runOnlyForDeploymentPostprocessing</key>
			<string>0</string>
			<key>shellPath</key>
			<string>/bin/sh</string>
			<key>shellScript</key>
			<string>"${SRCROOT}/Pods/Pods-HungryDog-resources.sh"
</string>
			<key>showEnvVarsInLog</key>
			<string>0</string>
		</dict>
		<key>7D4266432AA049FF96951084</key>
		<dict>
			<key>includeInIndex</key>
			<string>1</string>
			<key>isa</key>
			<string>PBXFileReference</string>
			<key>lastKnownFileType</key>
			<string>text.xcconfig</string>
			<key>name</key>
			<string>Pods-HungryDog.xcconfig</string>
			<key>path</key>
			<string>Pods/Pods-HungryDog.xcconfig</string>
			<key>sourceTree</key>
			<string>&lt;group&gt;</string>
		</dict>
		<key>8013DAFD191220B700F85469</key>
		<dict>
			<key>children</key>
			<array>
				<string>8013DAFE191220CD00F85469</string>
				<string>8013DAFF191220CD00F85469</string>
			</array>
			<key>isa</key>
			<string>PBXGroup</string>
			<key>name</key>
			<string>Nodes</string>
			<key>sourceTree</key>
			<string>&lt;group&gt;</string>
		</dict>
		<key>8013DAFE191220CD00F85469</key>
		<dict>
			<key>fileEncoding</key>
			<string>4</string>
			<key>isa</key>
			<string>PBXFileReference</string>
			<key>lastKnownFileType</key>
			<string>sourcecode.c.h</string>
			<key>path</key>
			<string>Catcher.h</string>
			<key>sourceTree</key>
			<string>&lt;group&gt;</string>
		</dict>
		<key>8013DAFF191220CD00F85469</key>
		<dict>
			<key>fileEncoding</key>
			<string>4</string>
			<key>isa</key>
			<string>PBXFileReference</string>
			<key>lastKnownFileType</key>
			<string>sourcecode.c.objc</string>
			<key>path</key>
			<string>Catcher.m</string>
			<key>sourceTree</key>
			<string>&lt;group&gt;</string>
		</dict>
		<key>8013DB00191220CD00F85469</key>
		<dict>
			<key>fileRef</key>
			<string>8013DAFF191220CD00F85469</string>
			<key>isa</key>
			<string>PBXBuildFile</string>
		</dict>
		<key>8018857218F71F9A00F64A0B</key>
		<dict>
			<key>fileEncoding</key>
			<string>4</string>
			<key>isa</key>
			<string>PBXFileReference</string>
			<key>lastKnownFileType</key>
			<string>sourcecode.c.h</string>
			<key>path</key>
			<string>SKAction+DogAdditions.h</string>
			<key>sourceTree</key>
			<string>&lt;group&gt;</string>
		</dict>
		<key>8018857318F71F9A00F64A0B</key>
		<dict>
			<key>fileEncoding</key>
			<string>4</string>
			<key>isa</key>
			<string>PBXFileReference</string>
			<key>lastKnownFileType</key>
			<string>sourcecode.c.objc</string>
			<key>path</key>
			<string>SKAction+DogAdditions.m</string>
			<key>sourceTree</key>
			<string>&lt;group&gt;</string>
		</dict>
		<key>8018857418F71F9A00F64A0B</key>
		<dict>
			<key>fileRef</key>
			<string>8018857318F71F9A00F64A0B</string>
			<key>isa</key>
			<string>PBXBuildFile</string>
		</dict>
		<key>802F9C0518F7295300747E7C</key>
		<dict>
			<key>fileEncoding</key>
			<string>4</string>
			<key>isa</key>
			<string>PBXFileReference</string>
			<key>lastKnownFileType</key>
			<string>sourcecode.c.h</string>
			<key>path</key>
			<string>DogHandler.h</string>
			<key>sourceTree</key>
			<string>&lt;group&gt;</string>
		</dict>
		<key>802F9C0618F7295300747E7C</key>
		<dict>
			<key>fileEncoding</key>
			<string>4</string>
			<key>isa</key>
			<string>PBXFileReference</string>
			<key>lastKnownFileType</key>
			<string>sourcecode.c.objc</string>
			<key>path</key>
			<string>DogHandler.m</string>
			<key>sourceTree</key>
			<string>&lt;group&gt;</string>
		</dict>
		<key>802F9C0718F7295300747E7C</key>
		<dict>
			<key>fileRef</key>
			<string>802F9C0618F7295300747E7C</string>
			<key>isa</key>
			<string>PBXBuildFile</string>
		</dict>
		<key>80387F2C1902F8C600FA98CE</key>
		<dict>
			<key>fileEncoding</key>
			<string>4</string>
			<key>isa</key>
			<string>PBXFileReference</string>
			<key>lastKnownFileType</key>
			<string>sourcecode.c.h</string>
			<key>path</key>
			<string>PowerGenerator.h</string>
			<key>sourceTree</key>
			<string>&lt;group&gt;</string>
		</dict>
		<key>80387F2D1902F8C600FA98CE</key>
		<dict>
			<key>fileEncoding</key>
			<string>4</string>
			<key>isa</key>
			<string>PBXFileReference</string>
			<key>lastKnownFileType</key>
			<string>sourcecode.c.objc</string>
			<key>path</key>
			<string>PowerGenerator.m</string>
			<key>sourceTree</key>
			<string>&lt;group&gt;</string>
		</dict>
		<key>80387F2E1902F8C600FA98CE</key>
		<dict>
			<key>fileRef</key>
			<string>80387F2D1902F8C600FA98CE</string>
			<key>isa</key>
			<string>PBXBuildFile</string>
		</dict>
		<key>80387F2F1903011C00FA98CE</key>
		<dict>
			<key>fileEncoding</key>
			<string>4</string>
			<key>isa</key>
			<string>PBXFileReference</string>
			<key>lastKnownFileType</key>
			<string>sourcecode.c.h</string>
			<key>path</key>
			<string>SKAction+PowerAdditions.h</string>
			<key>sourceTree</key>
			<string>&lt;group&gt;</string>
		</dict>
		<key>80387F301903011C00FA98CE</key>
		<dict>
			<key>fileEncoding</key>
			<string>4</string>
			<key>isa</key>
			<string>PBXFileReference</string>
			<key>lastKnownFileType</key>
			<string>sourcecode.c.objc</string>
			<key>path</key>
			<string>SKAction+PowerAdditions.m</string>
			<key>sourceTree</key>
			<string>&lt;group&gt;</string>
		</dict>
		<key>80387F311903011C00FA98CE</key>
		<dict>
			<key>fileRef</key>
			<string>80387F301903011C00FA98CE</string>
			<key>isa</key>
			<string>PBXBuildFile</string>
		</dict>
		<key>80387F32190302D500FA98CE</key>
		<dict>
			<key>fileEncoding</key>
			<string>4</string>
			<key>isa</key>
			<string>PBXFileReference</string>
			<key>lastKnownFileType</key>
			<string>sourcecode.c.h</string>
			<key>path</key>
			<string>PowerType.h</string>
			<key>sourceTree</key>
			<string>&lt;group&gt;</string>
		</dict>
		<key>80387F33190396BE00FA98CE</key>
		<dict>
			<key>fileEncoding</key>
			<string>4</string>
			<key>isa</key>
			<string>PBXFileReference</string>
			<key>lastKnownFileType</key>
			<string>sourcecode.c.h</string>
			<key>path</key>
			<string>HoleGenerator.h</string>
			<key>sourceTree</key>
			<string>&lt;group&gt;</string>
		</dict>
		<key>80387F34190396BE00FA98CE</key>
		<dict>
			<key>fileEncoding</key>
			<string>4</string>
			<key>isa</key>
			<string>PBXFileReference</string>
			<key>lastKnownFileType</key>
			<string>sourcecode.c.objc</string>
			<key>path</key>
			<string>HoleGenerator.m</string>
			<key>sourceTree</key>
			<string>&lt;group&gt;</string>
		</dict>
		<key>80387F35190396BE00FA98CE</key>
		<dict>
			<key>fileRef</key>
			<string>80387F34190396BE00FA98CE</string>
			<key>isa</key>
			<string>PBXBuildFile</string>
		</dict>
		<key>80387F361903986100FA98CE</key>
		<dict>
			<key>fileEncoding</key>
			<string>4</string>
			<key>isa</key>
			<string>PBXFileReference</string>
			<key>lastKnownFileType</key>
			<string>sourcecode.c.h</string>
			<key>path</key>
			<string>SKAction+HoleAdditions.h</string>
			<key>sourceTree</key>
			<string>&lt;group&gt;</string>
		</dict>
		<key>80387F371903986100FA98CE</key>
		<dict>
			<key>fileEncoding</key>
			<string>4</string>
			<key>isa</key>
			<string>PBXFileReference</string>
			<key>lastKnownFileType</key>
			<string>sourcecode.c.objc</string>
			<key>path</key>
			<string>SKAction+HoleAdditions.m</string>
			<key>sourceTree</key>
			<string>&lt;group&gt;</string>
		</dict>
		<key>80387F381903986100FA98CE</key>
		<dict>
			<key>fileRef</key>
			<string>80387F371903986100FA98CE</string>
			<key>isa</key>
			<string>PBXBuildFile</string>
		</dict>
		<key>804372D31912977300980B0B</key>
		<dict>
			<key>isa</key>
			<string>PBXFileReference</string>
			<key>lastKnownFileType</key>
			<string>audio.mp3</string>
			<key>path</key>
			<string>menuMusic.mp3</string>
			<key>sourceTree</key>
			<string>&lt;group&gt;</string>
		</dict>
		<key>804372D41912977300980B0B</key>
		<dict>
			<key>fileRef</key>
			<string>804372D31912977300980B0B</string>
			<key>isa</key>
			<string>PBXBuildFile</string>
		</dict>
		<key>804372D5191297D700980B0B</key>
		<dict>
			<key>fileEncoding</key>
			<string>4</string>
			<key>isa</key>
			<string>PBXFileReference</string>
			<key>lastKnownFileType</key>
			<string>sourcecode.c.h</string>
			<key>path</key>
			<string>BackgroundMusicPlayer.h</string>
			<key>sourceTree</key>
			<string>&lt;group&gt;</string>
		</dict>
		<key>804372D6191297D700980B0B</key>
		<dict>
			<key>fileEncoding</key>
			<string>4</string>
			<key>isa</key>
			<string>PBXFileReference</string>
			<key>lastKnownFileType</key>
			<string>sourcecode.c.objc</string>
			<key>path</key>
			<string>BackgroundMusicPlayer.m</string>
			<key>sourceTree</key>
			<string>&lt;group&gt;</string>
		</dict>
		<key>804372D7191297D700980B0B</key>
		<dict>
			<key>fileRef</key>
			<string>804372D6191297D700980B0B</string>
			<key>isa</key>
			<string>PBXBuildFile</string>
		</dict>
		<key>80502A621901CF1000FBAAF9</key>
		<dict>
			<key>isa</key>
			<string>PBXFileReference</string>
			<key>lastKnownFileType</key>
			<string>audio.mp3</string>
			<key>path</key>
			<string>bgMusic.mp3</string>
			<key>sourceTree</key>
			<string>&lt;group&gt;</string>
		</dict>
		<key>80502A631901CF1000FBAAF9</key>
		<dict>
			<key>fileRef</key>
			<string>80502A621901CF1000FBAAF9</string>
			<key>isa</key>
			<string>PBXBuildFile</string>
		</dict>
		<key>80502A641902AA4F00FBAAF9</key>
		<dict>
			<key>fileEncoding</key>
			<string>4</string>
			<key>isa</key>
			<string>PBXFileReference</string>
			<key>lastKnownFileType</key>
			<string>sourcecode.c.h</string>
			<key>path</key>
			<string>ButtonNode.h</string>
			<key>sourceTree</key>
			<string>&lt;group&gt;</string>
		</dict>
		<key>80502A651902AA4F00FBAAF9</key>
		<dict>
			<key>fileEncoding</key>
			<string>4</string>
			<key>isa</key>
			<string>PBXFileReference</string>
			<key>lastKnownFileType</key>
			<string>sourcecode.c.objc</string>
			<key>path</key>
			<string>ButtonNode.m</string>
			<key>sourceTree</key>
			<string>&lt;group&gt;</string>
		</dict>
		<key>80502A661902AA4F00FBAAF9</key>
		<dict>
			<key>fileRef</key>
			<string>80502A651902AA4F00FBAAF9</string>
			<key>isa</key>
			<string>PBXBuildFile</string>
		</dict>
		<key>80686F0418F5C9B000DB415E</key>
		<dict>
			<key>fileEncoding</key>
			<string>4</string>
			<key>isa</key>
			<string>PBXFileReference</string>
			<key>lastKnownFileType</key>
			<string>sourcecode.c.h</string>
			<key>path</key>
			<string>EnergyBarHandler.h</string>
			<key>sourceTree</key>
			<string>&lt;group&gt;</string>
		</dict>
		<key>80686F0518F5C9B000DB415E</key>
		<dict>
			<key>fileEncoding</key>
			<string>4</string>
			<key>isa</key>
			<string>PBXFileReference</string>
			<key>lastKnownFileType</key>
			<string>sourcecode.c.objc</string>
			<key>path</key>
			<string>EnergyBarHandler.m</string>
			<key>sourceTree</key>
			<string>&lt;group&gt;</string>
		</dict>
		<key>80686F0618F5C9B000DB415E</key>
		<dict>
			<key>fileRef</key>
			<string>80686F0518F5C9B000DB415E</string>
			<key>isa</key>
			<string>PBXBuildFile</string>
		</dict>
		<key>80701FAB19124FEA00A8BEB0</key>
		<dict>
			<key>fileEncoding</key>
			<string>4</string>
			<key>isa</key>
			<string>PBXFileReference</string>
			<key>lastKnownFileType</key>
			<string>sourcecode.c.h</string>
			<key>path</key>
			<string>NodeGenerator.h</string>
			<key>sourceTree</key>
			<string>&lt;group&gt;</string>
		</dict>
		<key>80701FAC1912519700A8BEB0</key>
		<dict>
			<key>fileEncoding</key>
			<string>4</string>
			<key>isa</key>
			<string>PBXFileReference</string>
			<key>lastKnownFileType</key>
			<string>sourcecode.c.h</string>
			<key>path</key>
			<string>NodeUpdater.h</string>
			<key>sourceTree</key>
			<string>&lt;group&gt;</string>
		</dict>
		<key>80A62F22192F3617009D1EB2</key>
		<dict>
			<key>children</key>
			<array>
				<string>80A62F23192F362F009D1EB2</string>
				<string>80A62F24192F362F009D1EB2</string>
			</array>
			<key>isa</key>
			<string>PBXGroup</string>
			<key>name</key>
			<string>Sound</string>
			<key>sourceTree</key>
			<string>&lt;group&gt;</string>
		</dict>
		<key>80A62F23192F362F009D1EB2</key>
		<dict>
			<key>fileEncoding</key>
			<string>4</string>
			<key>isa</key>
			<string>PBXFileReference</string>
			<key>lastKnownFileType</key>
			<string>sourcecode.c.h</string>
			<key>path</key>
			<string>SoundController.h</string>
			<key>sourceTree</key>
			<string>&lt;group&gt;</string>
		</dict>
		<key>80A62F24192F362F009D1EB2</key>
		<dict>
			<key>fileEncoding</key>
			<string>4</string>
			<key>isa</key>
			<string>PBXFileReference</string>
			<key>lastKnownFileType</key>
			<string>sourcecode.c.objc</string>
			<key>path</key>
			<string>SoundController.m</string>
			<key>sourceTree</key>
			<string>&lt;group&gt;</string>
		</dict>
		<key>80A62F25192F362F009D1EB2</key>
		<dict>
			<key>fileRef</key>
			<string>80A62F24192F362F009D1EB2</string>
			<key>isa</key>
			<string>PBXBuildFile</string>
		</dict>
		<key>80A7CD6B18F49473006357D7</key>
		<dict>
			<key>fileEncoding</key>
			<string>4</string>
			<key>isa</key>
			<string>PBXFileReference</string>
			<key>lastKnownFileType</key>
			<string>sourcecode.c.h</string>
			<key>path</key>
			<string>GameSceneSpritesProvider.h</string>
			<key>sourceTree</key>
			<string>&lt;group&gt;</string>
		</dict>
		<key>80A7CD6C18F49473006357D7</key>
		<dict>
			<key>fileEncoding</key>
			<string>4</string>
			<key>isa</key>
			<string>PBXFileReference</string>
			<key>lastKnownFileType</key>
			<string>sourcecode.c.objc</string>
			<key>path</key>
			<string>GameSceneSpritesProvider.m</string>
			<key>sourceTree</key>
			<string>&lt;group&gt;</string>
		</dict>
		<key>80A7CD6D18F49473006357D7</key>
		<dict>
			<key>fileRef</key>
			<string>80A7CD6C18F49473006357D7</string>
			<key>isa</key>
			<string>PBXBuildFile</string>
		</dict>
		<key>80B2699319014F4A00CBAC55</key>
		<dict>
			<key>fileEncoding</key>
			<string>4</string>
			<key>isa</key>
			<string>PBXFileReference</string>
			<key>lastKnownFileType</key>
			<string>sourcecode.c.h</string>
			<key>path</key>
			<string>CatcherMode.h</string>
			<key>sourceTree</key>
			<string>&lt;group&gt;</string>
		</dict>
		<key>80B2699419014FD900CBAC55</key>
		<dict>
			<key>fileEncoding</key>
			<string>4</string>
			<key>isa</key>
			<string>PBXFileReference</string>
			<key>lastKnownFileType</key>
			<string>sourcecode.c.h</string>
			<key>path</key>
			<string>CatcherMovementPattern.h</string>
			<key>sourceTree</key>
			<string>&lt;group&gt;</string>
		</dict>
		<key>80B2699519014FD900CBAC55</key>
		<dict>
			<key>fileEncoding</key>
			<string>4</string>
			<key>isa</key>
			<string>PBXFileReference</string>
			<key>lastKnownFileType</key>
			<string>sourcecode.c.objc</string>
			<key>path</key>
			<string>CatcherMovementPattern.m</string>
			<key>sourceTree</key>
			<string>&lt;group&gt;</string>
		</dict>
		<key>80B2699619014FDA00CBAC55</key>
		<dict>
			<key>fileRef</key>
			<string>80B2699519014FD900CBAC55</string>
			<key>isa</key>
			<string>PBXBuildFile</string>
		</dict>
		<key>80B269971901572C00CBAC55</key>
		<dict>
			<key>fileEncoding</key>
			<string>4</string>
			<key>isa</key>
			<string>PBXFileReference</string>
			<key>lastKnownFileType</key>
			<string>sourcecode.c.h</string>
			<key>path</key>
			<string>StrategyPattern.h</string>
			<key>sourceTree</key>
			<string>&lt;group&gt;</string>
		</dict>
		<key>80B269981901572C00CBAC55</key>
		<dict>
			<key>fileEncoding</key>
			<string>4</string>
			<key>isa</key>
			<string>PBXFileReference</string>
			<key>lastKnownFileType</key>
			<string>sourcecode.c.objc</string>
			<key>path</key>
			<string>StrategyPattern.m</string>
			<key>sourceTree</key>
			<string>&lt;group&gt;</string>
		</dict>
		<key>80B269991901572C00CBAC55</key>
		<dict>
			<key>fileRef</key>
			<string>80B269981901572C00CBAC55</string>
			<key>isa</key>
			<string>PBXBuildFile</string>
		</dict>
		<key>80B2699A1901586B00CBAC55</key>
		<dict>
			<key>fileEncoding</key>
			<string>4</string>
			<key>isa</key>
			<string>PBXFileReference</string>
			<key>lastKnownFileType</key>
			<string>sourcecode.c.h</string>
			<key>path</key>
			<string>StrategyPatternCreator.h</string>
			<key>sourceTree</key>
			<string>&lt;group&gt;</string>
		</dict>
		<key>80B2699B1901586B00CBAC55</key>
		<dict>
			<key>fileEncoding</key>
			<string>4</string>
			<key>isa</key>
			<string>PBXFileReference</string>
			<key>lastKnownFileType</key>
			<string>sourcecode.c.objc</string>
			<key>path</key>
			<string>StrategyPatternCreator.m</string>
			<key>sourceTree</key>
			<string>&lt;group&gt;</string>
		</dict>
		<key>80B2699C1901586B00CBAC55</key>
		<dict>
			<key>fileRef</key>
			<string>80B2699B1901586B00CBAC55</string>
			<key>isa</key>
			<string>PBXBuildFile</string>
		</dict>
		<key>80BEEFBE19293F1E00AD8E83</key>
		<dict>
			<key>fileEncoding</key>
			<string>4</string>
			<key>isa</key>
			<string>PBXFileReference</string>
			<key>lastKnownFileType</key>
			<string>sourcecode.c.h</string>
			<key>path</key>
			<string>BoneManager.h</string>
			<key>sourceTree</key>
			<string>&lt;group&gt;</string>
		</dict>
		<key>80BEEFBF19293F1E00AD8E83</key>
		<dict>
			<key>fileEncoding</key>
			<string>4</string>
			<key>isa</key>
			<string>PBXFileReference</string>
			<key>lastKnownFileType</key>
			<string>sourcecode.c.objc</string>
			<key>path</key>
			<string>BoneManager.m</string>
			<key>sourceTree</key>
			<string>&lt;group&gt;</string>
		</dict>
		<key>80BEEFC019293F1E00AD8E83</key>
		<dict>
			<key>fileRef</key>
			<string>80BEEFBF19293F1E00AD8E83</string>
			<key>isa</key>
			<string>PBXBuildFile</string>
		</dict>
		<key>80BEEFC1192947DD00AD8E83</key>
		<dict>
			<key>fileEncoding</key>
			<string>4</string>
			<key>isa</key>
			<string>PBXFileReference</string>
			<key>lastKnownFileType</key>
			<string>sourcecode.c.h</string>
			<key>path</key>
			<string>InAppPurchaseController.h</string>
			<key>sourceTree</key>
			<string>&lt;group&gt;</string>
		</dict>
		<key>80BEEFC2192947DD00AD8E83</key>
		<dict>
			<key>fileEncoding</key>
			<string>4</string>
			<key>isa</key>
			<string>PBXFileReference</string>
			<key>lastKnownFileType</key>
			<string>sourcecode.c.objc</string>
			<key>path</key>
			<string>InAppPurchaseController.m</string>
			<key>sourceTree</key>
			<string>&lt;group&gt;</string>
		</dict>
		<key>80BEEFC3192947DD00AD8E83</key>
		<dict>
			<key>fileEncoding</key>
			<string>4</string>
			<key>isa</key>
			<string>PBXFileReference</string>
			<key>lastKnownFileType</key>
			<string>file.xib</string>
			<key>path</key>
			<string>InAppPurchaseController.xib</string>
			<key>sourceTree</key>
			<string>&lt;group&gt;</string>
		</dict>
		<key>80BEEFC4192947DD00AD8E83</key>
		<dict>
			<key>fileRef</key>
			<string>80BEEFC2192947DD00AD8E83</string>
			<key>isa</key>
			<string>PBXBuildFile</string>
		</dict>
		<key>80BEEFC5192947DD00AD8E83</key>
		<dict>
			<key>fileRef</key>
			<string>80BEEFC3192947DD00AD8E83</string>
			<key>isa</key>
			<string>PBXBuildFile</string>
		</dict>
		<key>80C0C5B21903B116003FD590</key>
		<dict>
			<key>fileEncoding</key>
			<string>4</string>
			<key>isa</key>
			<string>PBXFileReference</string>
			<key>lastKnownFileType</key>
			<string>sourcecode.c.h</string>
			<key>path</key>
			<string>PoopGenerator.h</string>
			<key>sourceTree</key>
			<string>&lt;group&gt;</string>
		</dict>
		<key>80C0C5B31903B116003FD590</key>
		<dict>
			<key>fileEncoding</key>
			<string>4</string>
			<key>isa</key>
			<string>PBXFileReference</string>
			<key>lastKnownFileType</key>
			<string>sourcecode.c.objc</string>
			<key>path</key>
			<string>PoopGenerator.m</string>
			<key>sourceTree</key>
			<string>&lt;group&gt;</string>
		</dict>
		<key>80C0C5B41903B116003FD590</key>
		<dict>
			<key>fileRef</key>
			<string>80C0C5B31903B116003FD590</string>
			<key>isa</key>
			<string>PBXBuildFile</string>
		</dict>
		<key>80C0C5B51904576F003FD590</key>
		<dict>
			<key>fileEncoding</key>
			<string>4</string>
			<key>isa</key>
			<string>PBXFileReference</string>
			<key>lastKnownFileType</key>
			<string>sourcecode.c.h</string>
			<key>path</key>
			<string>SKAction+PoopAdditions.h</string>
			<key>sourceTree</key>
			<string>&lt;group&gt;</string>
		</dict>
		<key>80C0C5B61904576F003FD590</key>
		<dict>
			<key>fileEncoding</key>
			<string>4</string>
			<key>isa</key>
			<string>PBXFileReference</string>
			<key>lastKnownFileType</key>
			<string>sourcecode.c.objc</string>
			<key>path</key>
			<string>SKAction+PoopAdditions.m</string>
			<key>sourceTree</key>
			<string>&lt;group&gt;</string>
		</dict>
		<key>80C0C5B71904576F003FD590</key>
		<dict>
			<key>fileRef</key>
			<string>80C0C5B61904576F003FD590</string>
			<key>isa</key>
			<string>PBXBuildFile</string>
		</dict>
		<key>80C40B9118EFEEEE00FBF8C7</key>
		<dict>
			<key>children</key>
			<array>
				<string>80C40BA518EFEEEE00FBF8C7</string>
				<string>80C40BCC18EFEEEE00FBF8C7</string>
				<string>80C40B9C18EFEEEE00FBF8C7</string>
				<string>80C40B9B18EFEEEE00FBF8C7</string>
				<string>7D4266432AA049FF96951084</string>
			</array>
			<key>isa</key>
			<string>PBXGroup</string>
			<key>sourceTree</key>
			<string>&lt;group&gt;</string>
		</dict>
		<key>80C40B9218EFEEEE00FBF8C7</key>
		<dict>
			<key>attributes</key>
			<dict>
				<key>LastUpgradeCheck</key>
				<string>0510</string>
				<key>ORGANIZATIONNAME</key>
				<string>Yatin Sarbalia</string>
				<key>TargetAttributes</key>
				<dict>
					<key>80C40BC418EFEEEE00FBF8C7</key>
					<dict>
						<key>TestTargetID</key>
						<string>80C40B9918EFEEEE00FBF8C7</string>
					</dict>
				</dict>
			</dict>
			<key>buildConfigurationList</key>
			<string>80C40B9518EFEEEE00FBF8C7</string>
			<key>compatibilityVersion</key>
			<string>Xcode 3.2</string>
			<key>developmentRegion</key>
			<string>English</string>
			<key>hasScannedForEncodings</key>
			<string>0</string>
			<key>isa</key>
			<string>PBXProject</string>
			<key>knownRegions</key>
			<array>
				<string>en</string>
				<string>Base</string>
			</array>
			<key>mainGroup</key>
			<string>80C40B9118EFEEEE00FBF8C7</string>
			<key>productRefGroup</key>
			<string>80C40B9B18EFEEEE00FBF8C7</string>
			<key>projectDirPath</key>
			<string></string>
			<key>projectReferences</key>
			<array/>
			<key>projectRoot</key>
			<string></string>
			<key>targets</key>
			<array>
				<string>80C40B9918EFEEEE00FBF8C7</string>
				<string>80C40BC418EFEEEE00FBF8C7</string>
			</array>
		</dict>
		<key>80C40B9518EFEEEE00FBF8C7</key>
		<dict>
			<key>buildConfigurations</key>
			<array>
				<string>80C40BD418EFEEEE00FBF8C7</string>
				<string>80C40BD518EFEEEE00FBF8C7</string>
			</array>
			<key>defaultConfigurationIsVisible</key>
			<string>0</string>
			<key>defaultConfigurationName</key>
			<string>Release</string>
			<key>isa</key>
			<string>XCConfigurationList</string>
		</dict>
		<key>80C40B9618EFEEEE00FBF8C7</key>
		<dict>
			<key>buildActionMask</key>
			<string>2147483647</string>
			<key>files</key>
			<array>
				<string>80BEEFC4192947DD00AD8E83</string>
				<string>804372D7191297D700980B0B</string>
				<string>80686F0618F5C9B000DB415E</string>
				<string>802F9C0718F7295300747E7C</string>
				<string>80C40BB918EFEEEE00FBF8C7</string>
				<string>80387F311903011C00FA98CE</string>
				<string>80C40BF118F18AE000FBF8C7</string>
				<string>80C40C0518F47C5200FBF8C7</string>
				<string>80C40BE218F1612B00FBF8C7</string>
				<string>80CF3F291925E8750075E169</string>
				<string>80C40BE818F1782800FBF8C7</string>
				<string>80C9935F18FCEF90001E9D44</string>
				<string>80BEEFC019293F1E00AD8E83</string>
				<string>80387F381903986100FA98CE</string>
				<string>80C40BEE18F17C4B00FBF8C7</string>
				<string>80C40C0218F4717C00FBF8C7</string>
				<string>80C9935C18FC4EDD001E9D44</string>
				<string>80C40BEB18F17B1900FBF8C7</string>
				<string>80DE58DD18F5FBA400E6DB97</string>
				<string>80C9935918FC4236001E9D44</string>
				<string>80C0C5B41903B116003FD590</string>
				<string>80C40BB018EFEEEE00FBF8C7</string>
				<string>80387F35190396BE00FA98CE</string>
				<string>80C40BAC18EFEEEE00FBF8C7</string>
				<string>80B2699C1901586B00CBAC55</string>
				<string>80387F2E1902F8C600FA98CE</string>
				<string>80502A661902AA4F00FBAAF9</string>
				<string>80C0C5B71904576F003FD590</string>
				<string>80CF3F2C1925E8880075E169</string>
				<string>80DE58E418F676A700E6DB97</string>
				<string>80B2699619014FDA00CBAC55</string>
				<string>80C40BE518F1706D00FBF8C7</string>
				<string>8018857418F71F9A00F64A0B</string>
				<string>80A62F25192F362F009D1EB2</string>
				<string>80DE58E118F6697700E6DB97</string>
				<string>80CF3F331925EE1D0075E169</string>
				<string>80B269991901572C00CBAC55</string>
				<string>80A7CD6D18F49473006357D7</string>
				<string>80C40BFE18F46F8500FBF8C7</string>
				<string>8013DB00191220CD00F85469</string>
			</array>
			<key>isa</key>
			<string>PBXSourcesBuildPhase</string>
			<key>runOnlyForDeploymentPostprocessing</key>
			<string>0</string>
		</dict>
		<key>80C40B9718EFEEEE00FBF8C7</key>
		<dict>
			<key>buildActionMask</key>
			<string>2147483647</string>
			<key>files</key>
			<array>
				<string>80CF3F2E1925E8C00075E169</string>
				<string>80C40BA018EFEEEE00FBF8C7</string>
				<string>80C40BA218EFEEEE00FBF8C7</string>
				<string>80C40BA418EFEEEE00FBF8C7</string>
				<string>80C40B9E18EFEEEE00FBF8C7</string>
				<string>BC3163B7D66241DBB6AA619F</string>
			</array>
			<key>isa</key>
			<string>PBXFrameworksBuildPhase</string>
			<key>runOnlyForDeploymentPostprocessing</key>
			<string>0</string>
		</dict>
		<key>80C40B9818EFEEEE00FBF8C7</key>
		<dict>
			<key>buildActionMask</key>
			<string>2147483647</string>
			<key>files</key>
			<array>
				<string>80C40BBE18EFEEEE00FBF8C7</string>
				<string>80C40BC018EFEEEE00FBF8C7</string>
				<string>80C40BB618EFEEEE00FBF8C7</string>
				<string>80BEEFC5192947DD00AD8E83</string>
				<string>80C40BB318EFEEEE00FBF8C7</string>
				<string>80C40BAA18EFEEEE00FBF8C7</string>
				<string>80502A631901CF1000FBAAF9</string>
				<string>804372D41912977300980B0B</string>
				<string>05CDF59F194D820C002E3AC3</string>
			</array>
			<key>isa</key>
			<string>PBXResourcesBuildPhase</string>
			<key>runOnlyForDeploymentPostprocessing</key>
			<string>0</string>
		</dict>
		<key>80C40B9918EFEEEE00FBF8C7</key>
		<dict>
			<key>buildConfigurationList</key>
			<string>80C40BD618EFEEEE00FBF8C7</string>
			<key>buildPhases</key>
			<array>
				<string>4751FF6C679C4FA588A21E48</string>
				<string>80C40B9618EFEEEE00FBF8C7</string>
				<string>80C40B9718EFEEEE00FBF8C7</string>
				<string>80C40B9818EFEEEE00FBF8C7</string>
				<string>6FB98A56FD244EBE8CE41400</string>
			</array>
			<key>buildRules</key>
			<array/>
			<key>dependencies</key>
			<array/>
			<key>isa</key>
			<string>PBXNativeTarget</string>
			<key>name</key>
			<string>HungryDog</string>
			<key>productName</key>
			<string>HungryDog</string>
			<key>productReference</key>
			<string>80C40B9A18EFEEEE00FBF8C7</string>
			<key>productType</key>
			<string>com.apple.product-type.application</string>
		</dict>
		<key>80C40B9A18EFEEEE00FBF8C7</key>
		<dict>
			<key>explicitFileType</key>
			<string>wrapper.application</string>
			<key>includeInIndex</key>
			<string>0</string>
			<key>isa</key>
			<string>PBXFileReference</string>
			<key>path</key>
			<string>HungryDog.app</string>
			<key>sourceTree</key>
			<string>BUILT_PRODUCTS_DIR</string>
		</dict>
		<key>80C40B9B18EFEEEE00FBF8C7</key>
		<dict>
			<key>children</key>
			<array>
				<string>80C40B9A18EFEEEE00FBF8C7</string>
				<string>80C40BC518EFEEEE00FBF8C7</string>
			</array>
			<key>isa</key>
			<string>PBXGroup</string>
			<key>name</key>
			<string>Products</string>
			<key>sourceTree</key>
			<string>&lt;group&gt;</string>
		</dict>
		<key>80C40B9C18EFEEEE00FBF8C7</key>
		<dict>
			<key>children</key>
			<array>
				<string>80CF3F2D1925E8C00075E169</string>
				<string>80C40B9D18EFEEEE00FBF8C7</string>
				<string>80C40B9F18EFEEEE00FBF8C7</string>
				<string>80C40BA118EFEEEE00FBF8C7</string>
				<string>80C40BA318EFEEEE00FBF8C7</string>
				<string>80C40BC618EFEEEE00FBF8C7</string>
				<string>21CEE55B9C22417192EEE2CD</string>
			</array>
			<key>isa</key>
			<string>PBXGroup</string>
			<key>name</key>
			<string>Frameworks</string>
			<key>sourceTree</key>
			<string>&lt;group&gt;</string>
		</dict>
		<key>80C40B9D18EFEEEE00FBF8C7</key>
		<dict>
			<key>isa</key>
			<string>PBXFileReference</string>
			<key>lastKnownFileType</key>
			<string>wrapper.framework</string>
			<key>name</key>
			<string>Foundation.framework</string>
			<key>path</key>
			<string>System/Library/Frameworks/Foundation.framework</string>
			<key>sourceTree</key>
			<string>SDKROOT</string>
		</dict>
		<key>80C40B9E18EFEEEE00FBF8C7</key>
		<dict>
			<key>fileRef</key>
			<string>80C40B9D18EFEEEE00FBF8C7</string>
			<key>isa</key>
			<string>PBXBuildFile</string>
		</dict>
		<key>80C40B9F18EFEEEE00FBF8C7</key>
		<dict>
			<key>isa</key>
			<string>PBXFileReference</string>
			<key>lastKnownFileType</key>
			<string>wrapper.framework</string>
			<key>name</key>
			<string>CoreGraphics.framework</string>
			<key>path</key>
			<string>System/Library/Frameworks/CoreGraphics.framework</string>
			<key>sourceTree</key>
			<string>SDKROOT</string>
		</dict>
		<key>80C40BA018EFEEEE00FBF8C7</key>
		<dict>
			<key>fileRef</key>
			<string>80C40B9F18EFEEEE00FBF8C7</string>
			<key>isa</key>
			<string>PBXBuildFile</string>
		</dict>
		<key>80C40BA118EFEEEE00FBF8C7</key>
		<dict>
			<key>isa</key>
			<string>PBXFileReference</string>
			<key>lastKnownFileType</key>
			<string>wrapper.framework</string>
			<key>name</key>
			<string>UIKit.framework</string>
			<key>path</key>
			<string>System/Library/Frameworks/UIKit.framework</string>
			<key>sourceTree</key>
			<string>SDKROOT</string>
		</dict>
		<key>80C40BA218EFEEEE00FBF8C7</key>
		<dict>
			<key>fileRef</key>
			<string>80C40BA118EFEEEE00FBF8C7</string>
			<key>isa</key>
			<string>PBXBuildFile</string>
		</dict>
		<key>80C40BA318EFEEEE00FBF8C7</key>
		<dict>
			<key>isa</key>
			<string>PBXFileReference</string>
			<key>lastKnownFileType</key>
			<string>wrapper.framework</string>
			<key>name</key>
			<string>SpriteKit.framework</string>
			<key>path</key>
			<string>System/Library/Frameworks/SpriteKit.framework</string>
			<key>sourceTree</key>
			<string>SDKROOT</string>
		</dict>
		<key>80C40BA418EFEEEE00FBF8C7</key>
		<dict>
			<key>fileRef</key>
			<string>80C40BA318EFEEEE00FBF8C7</string>
			<key>isa</key>
			<string>PBXBuildFile</string>
		</dict>
		<key>80C40BA518EFEEEE00FBF8C7</key>
		<dict>
			<key>children</key>
			<array>
				<string>80A62F22192F3617009D1EB2</string>
				<string>80CF3F261925E8100075E169</string>
				<string>80C40BFF18F4714C00FBF8C7</string>
				<string>80C40BDC18EFFCB000FBF8C7</string>
				<string>80C40BDF18EFFD2900FBF8C7</string>
				<string>80C40BA618EFEEEE00FBF8C7</string>
				<string>80C40BAE18EFEEEE00FBF8C7</string>
				<string>80C40BAF18EFEEEE00FBF8C7</string>
				<string>80C40BE618F1782800FBF8C7</string>
				<string>80C40BE718F1782800FBF8C7</string>
				<string>80C40BE018F1612B00FBF8C7</string>
				<string>80C40BE118F1612B00FBF8C7</string>
				<string>80C40C0318F47C5200FBF8C7</string>
				<string>80C40C0418F47C5200FBF8C7</string>
				<string>80502A641902AA4F00FBAAF9</string>
				<string>80502A651902AA4F00FBAAF9</string>
				<string>804372D5191297D700980B0B</string>
				<string>804372D6191297D700980B0B</string>
			</array>
			<key>isa</key>
			<string>PBXGroup</string>
			<key>path</key>
			<string>HungryDog</string>
			<key>sourceTree</key>
			<string>&lt;group&gt;</string>
		</dict>
		<key>80C40BA618EFEEEE00FBF8C7</key>
		<dict>
			<key>children</key>
			<array>
				<string>05CDF59E194D820C002E3AC3</string>
				<string>80C40BA718EFEEEE00FBF8C7</string>
				<string>80C40BA818EFEEEE00FBF8C7</string>
				<string>80C40BAB18EFEEEE00FBF8C7</string>
				<string>80C40BAD18EFEEEE00FBF8C7</string>
			</array>
			<key>isa</key>
			<string>PBXGroup</string>
			<key>name</key>
			<string>Supporting Files</string>
			<key>sourceTree</key>
			<string>&lt;group&gt;</string>
		</dict>
		<key>80C40BA718EFEEEE00FBF8C7</key>
		<dict>
			<key>isa</key>
			<string>PBXFileReference</string>
			<key>lastKnownFileType</key>
			<string>text.plist.xml</string>
			<key>path</key>
			<string>HungryDog-Info.plist</string>
			<key>sourceTree</key>
			<string>&lt;group&gt;</string>
		</dict>
		<key>80C40BA818EFEEEE00FBF8C7</key>
		<dict>
			<key>children</key>
			<array>
				<string>80C40BA918EFEEEE00FBF8C7</string>
			</array>
			<key>isa</key>
			<string>PBXVariantGroup</string>
			<key>name</key>
			<string>InfoPlist.strings</string>
			<key>sourceTree</key>
			<string>&lt;group&gt;</string>
		</dict>
		<key>80C40BA918EFEEEE00FBF8C7</key>
		<dict>
			<key>isa</key>
			<string>PBXFileReference</string>
			<key>lastKnownFileType</key>
			<string>text.plist.strings</string>
			<key>name</key>
			<string>en</string>
			<key>path</key>
			<string>en.lproj/InfoPlist.strings</string>
			<key>sourceTree</key>
			<string>&lt;group&gt;</string>
		</dict>
		<key>80C40BAA18EFEEEE00FBF8C7</key>
		<dict>
			<key>fileRef</key>
			<string>80C40BA818EFEEEE00FBF8C7</string>
			<key>isa</key>
			<string>PBXBuildFile</string>
		</dict>
		<key>80C40BAB18EFEEEE00FBF8C7</key>
		<dict>
			<key>isa</key>
			<string>PBXFileReference</string>
			<key>lastKnownFileType</key>
			<string>sourcecode.c.objc</string>
			<key>path</key>
			<string>main.m</string>
			<key>sourceTree</key>
			<string>&lt;group&gt;</string>
		</dict>
		<key>80C40BAC18EFEEEE00FBF8C7</key>
		<dict>
			<key>fileRef</key>
			<string>80C40BAB18EFEEEE00FBF8C7</string>
			<key>isa</key>
			<string>PBXBuildFile</string>
		</dict>
		<key>80C40BAD18EFEEEE00FBF8C7</key>
		<dict>
			<key>isa</key>
			<string>PBXFileReference</string>
			<key>lastKnownFileType</key>
			<string>sourcecode.c.h</string>
			<key>path</key>
			<string>HungryDog-Prefix.pch</string>
			<key>sourceTree</key>
			<string>&lt;group&gt;</string>
		</dict>
		<key>80C40BAE18EFEEEE00FBF8C7</key>
		<dict>
			<key>isa</key>
			<string>PBXFileReference</string>
			<key>lastKnownFileType</key>
			<string>sourcecode.c.h</string>
			<key>path</key>
			<string>AppDelegate.h</string>
			<key>sourceTree</key>
			<string>&lt;group&gt;</string>
		</dict>
		<key>80C40BAF18EFEEEE00FBF8C7</key>
		<dict>
			<key>isa</key>
			<string>PBXFileReference</string>
			<key>lastKnownFileType</key>
			<string>sourcecode.c.objc</string>
			<key>path</key>
			<string>AppDelegate.m</string>
			<key>sourceTree</key>
			<string>&lt;group&gt;</string>
		</dict>
		<key>80C40BB018EFEEEE00FBF8C7</key>
		<dict>
			<key>fileRef</key>
			<string>80C40BAF18EFEEEE00FBF8C7</string>
			<key>isa</key>
			<string>PBXBuildFile</string>
		</dict>
		<key>80C40BB118EFEEEE00FBF8C7</key>
		<dict>
			<key>children</key>
			<array>
				<string>80C40BB218EFEEEE00FBF8C7</string>
			</array>
			<key>isa</key>
			<string>PBXVariantGroup</string>
			<key>name</key>
			<string>Main_iPhone.storyboard</string>
			<key>sourceTree</key>
			<string>&lt;group&gt;</string>
		</dict>
		<key>80C40BB218EFEEEE00FBF8C7</key>
		<dict>
			<key>isa</key>
			<string>PBXFileReference</string>
			<key>lastKnownFileType</key>
			<string>file.storyboard</string>
			<key>name</key>
			<string>Base</string>
			<key>path</key>
			<string>Base.lproj/Main_iPhone.storyboard</string>
			<key>sourceTree</key>
			<string>&lt;group&gt;</string>
		</dict>
		<key>80C40BB318EFEEEE00FBF8C7</key>
		<dict>
			<key>fileRef</key>
			<string>80C40BB118EFEEEE00FBF8C7</string>
			<key>isa</key>
			<string>PBXBuildFile</string>
		</dict>
		<key>80C40BB418EFEEEE00FBF8C7</key>
		<dict>
			<key>children</key>
			<array>
				<string>80C40BB518EFEEEE00FBF8C7</string>
			</array>
			<key>isa</key>
			<string>PBXVariantGroup</string>
			<key>name</key>
			<string>Main_iPad.storyboard</string>
			<key>sourceTree</key>
			<string>&lt;group&gt;</string>
		</dict>
		<key>80C40BB518EFEEEE00FBF8C7</key>
		<dict>
			<key>isa</key>
			<string>PBXFileReference</string>
			<key>lastKnownFileType</key>
			<string>file.storyboard</string>
			<key>name</key>
			<string>Base</string>
			<key>path</key>
			<string>Base.lproj/Main_iPad.storyboard</string>
			<key>sourceTree</key>
			<string>&lt;group&gt;</string>
		</dict>
		<key>80C40BB618EFEEEE00FBF8C7</key>
		<dict>
			<key>fileRef</key>
			<string>80C40BB418EFEEEE00FBF8C7</string>
			<key>isa</key>
			<string>PBXBuildFile</string>
		</dict>
		<key>80C40BB718EFEEEE00FBF8C7</key>
		<dict>
			<key>isa</key>
			<string>PBXFileReference</string>
			<key>lastKnownFileType</key>
			<string>sourcecode.c.h</string>
			<key>path</key>
			<string>ViewController.h</string>
			<key>sourceTree</key>
			<string>&lt;group&gt;</string>
		</dict>
		<key>80C40BB818EFEEEE00FBF8C7</key>
		<dict>
			<key>isa</key>
			<string>PBXFileReference</string>
			<key>lastKnownFileType</key>
			<string>sourcecode.c.objc</string>
			<key>path</key>
			<string>ViewController.m</string>
			<key>sourceTree</key>
			<string>&lt;group&gt;</string>
		</dict>
		<key>80C40BB918EFEEEE00FBF8C7</key>
		<dict>
			<key>fileRef</key>
			<string>80C40BB818EFEEEE00FBF8C7</string>
			<key>isa</key>
			<string>PBXBuildFile</string>
		</dict>
		<key>80C40BBD18EFEEEE00FBF8C7</key>
		<dict>
			<key>isa</key>
			<string>PBXFileReference</string>
			<key>lastKnownFileType</key>
			<string>image.png</string>
			<key>path</key>
			<string>Spaceship.png</string>
			<key>sourceTree</key>
			<string>&lt;group&gt;</string>
		</dict>
		<key>80C40BBE18EFEEEE00FBF8C7</key>
		<dict>
			<key>fileRef</key>
			<string>80C40BBD18EFEEEE00FBF8C7</string>
			<key>isa</key>
			<string>PBXBuildFile</string>
		</dict>
		<key>80C40BBF18EFEEEE00FBF8C7</key>
		<dict>
			<key>isa</key>
			<string>PBXFileReference</string>
			<key>lastKnownFileType</key>
			<string>folder.assetcatalog</string>
			<key>path</key>
			<string>Images.xcassets</string>
			<key>sourceTree</key>
			<string>&lt;group&gt;</string>
		</dict>
		<key>80C40BC018EFEEEE00FBF8C7</key>
		<dict>
			<key>fileRef</key>
			<string>80C40BBF18EFEEEE00FBF8C7</string>
			<key>isa</key>
			<string>PBXBuildFile</string>
		</dict>
		<key>80C40BC118EFEEEE00FBF8C7</key>
		<dict>
			<key>buildActionMask</key>
			<string>2147483647</string>
			<key>files</key>
			<array>
				<string>80C40BD318EFEEEE00FBF8C7</string>
			</array>
			<key>isa</key>
			<string>PBXSourcesBuildPhase</string>
			<key>runOnlyForDeploymentPostprocessing</key>
			<string>0</string>
		</dict>
		<key>80C40BC218EFEEEE00FBF8C7</key>
		<dict>
			<key>buildActionMask</key>
			<string>2147483647</string>
			<key>files</key>
			<array>
				<string>80C40BC718EFEEEE00FBF8C7</string>
				<string>80C40BC918EFEEEE00FBF8C7</string>
				<string>80C40BC818EFEEEE00FBF8C7</string>
			</array>
			<key>isa</key>
			<string>PBXFrameworksBuildPhase</string>
			<key>runOnlyForDeploymentPostprocessing</key>
			<string>0</string>
		</dict>
		<key>80C40BC318EFEEEE00FBF8C7</key>
		<dict>
			<key>buildActionMask</key>
			<string>2147483647</string>
			<key>files</key>
			<array>
				<string>80C40BD118EFEEEE00FBF8C7</string>
			</array>
			<key>isa</key>
			<string>PBXResourcesBuildPhase</string>
			<key>runOnlyForDeploymentPostprocessing</key>
			<string>0</string>
		</dict>
		<key>80C40BC418EFEEEE00FBF8C7</key>
		<dict>
			<key>buildConfigurationList</key>
			<string>80C40BD918EFEEEE00FBF8C7</string>
			<key>buildPhases</key>
			<array>
				<string>80C40BC118EFEEEE00FBF8C7</string>
				<string>80C40BC218EFEEEE00FBF8C7</string>
				<string>80C40BC318EFEEEE00FBF8C7</string>
			</array>
			<key>buildRules</key>
			<array/>
			<key>dependencies</key>
			<array>
				<string>80C40BCB18EFEEEE00FBF8C7</string>
			</array>
			<key>isa</key>
			<string>PBXNativeTarget</string>
			<key>name</key>
			<string>HungryDogTests</string>
			<key>productName</key>
			<string>HungryDogTests</string>
			<key>productReference</key>
			<string>80C40BC518EFEEEE00FBF8C7</string>
			<key>productType</key>
			<string>com.apple.product-type.bundle.unit-test</string>
		</dict>
		<key>80C40BC518EFEEEE00FBF8C7</key>
		<dict>
			<key>explicitFileType</key>
			<string>wrapper.cfbundle</string>
			<key>includeInIndex</key>
			<string>0</string>
			<key>isa</key>
			<string>PBXFileReference</string>
			<key>path</key>
			<string>HungryDogTests.xctest</string>
			<key>sourceTree</key>
			<string>BUILT_PRODUCTS_DIR</string>
		</dict>
		<key>80C40BC618EFEEEE00FBF8C7</key>
		<dict>
			<key>isa</key>
			<string>PBXFileReference</string>
			<key>lastKnownFileType</key>
			<string>wrapper.framework</string>
			<key>name</key>
			<string>XCTest.framework</string>
			<key>path</key>
			<string>Library/Frameworks/XCTest.framework</string>
			<key>sourceTree</key>
			<string>DEVELOPER_DIR</string>
		</dict>
		<key>80C40BC718EFEEEE00FBF8C7</key>
		<dict>
			<key>fileRef</key>
			<string>80C40BC618EFEEEE00FBF8C7</string>
			<key>isa</key>
			<string>PBXBuildFile</string>
		</dict>
		<key>80C40BC818EFEEEE00FBF8C7</key>
		<dict>
			<key>fileRef</key>
			<string>80C40B9D18EFEEEE00FBF8C7</string>
			<key>isa</key>
			<string>PBXBuildFile</string>
		</dict>
		<key>80C40BC918EFEEEE00FBF8C7</key>
		<dict>
			<key>fileRef</key>
			<string>80C40BA118EFEEEE00FBF8C7</string>
			<key>isa</key>
			<string>PBXBuildFile</string>
		</dict>
		<key>80C40BCA18EFEEEE00FBF8C7</key>
		<dict>
			<key>containerPortal</key>
			<string>80C40B9218EFEEEE00FBF8C7</string>
			<key>isa</key>
			<string>PBXContainerItemProxy</string>
			<key>proxyType</key>
			<string>1</string>
			<key>remoteGlobalIDString</key>
			<string>80C40B9918EFEEEE00FBF8C7</string>
			<key>remoteInfo</key>
			<string>HungryDog</string>
		</dict>
		<key>80C40BCB18EFEEEE00FBF8C7</key>
		<dict>
			<key>isa</key>
			<string>PBXTargetDependency</string>
			<key>target</key>
			<string>80C40B9918EFEEEE00FBF8C7</string>
			<key>targetProxy</key>
			<string>80C40BCA18EFEEEE00FBF8C7</string>
		</dict>
		<key>80C40BCC18EFEEEE00FBF8C7</key>
		<dict>
			<key>children</key>
			<array>
				<string>80C40BD218EFEEEE00FBF8C7</string>
				<string>80C40BCD18EFEEEE00FBF8C7</string>
			</array>
			<key>isa</key>
			<string>PBXGroup</string>
			<key>path</key>
			<string>HungryDogTests</string>
			<key>sourceTree</key>
			<string>&lt;group&gt;</string>
		</dict>
		<key>80C40BCD18EFEEEE00FBF8C7</key>
		<dict>
			<key>children</key>
			<array>
				<string>80C40BCE18EFEEEE00FBF8C7</string>
				<string>80C40BCF18EFEEEE00FBF8C7</string>
			</array>
			<key>isa</key>
			<string>PBXGroup</string>
			<key>name</key>
			<string>Supporting Files</string>
			<key>sourceTree</key>
			<string>&lt;group&gt;</string>
		</dict>
		<key>80C40BCE18EFEEEE00FBF8C7</key>
		<dict>
			<key>isa</key>
			<string>PBXFileReference</string>
			<key>lastKnownFileType</key>
			<string>text.plist.xml</string>
			<key>path</key>
			<string>HungryDogTests-Info.plist</string>
			<key>sourceTree</key>
			<string>&lt;group&gt;</string>
		</dict>
		<key>80C40BCF18EFEEEE00FBF8C7</key>
		<dict>
			<key>children</key>
			<array>
				<string>80C40BD018EFEEEE00FBF8C7</string>
			</array>
			<key>isa</key>
			<string>PBXVariantGroup</string>
			<key>name</key>
			<string>InfoPlist.strings</string>
			<key>sourceTree</key>
			<string>&lt;group&gt;</string>
		</dict>
		<key>80C40BD018EFEEEE00FBF8C7</key>
		<dict>
			<key>isa</key>
			<string>PBXFileReference</string>
			<key>lastKnownFileType</key>
			<string>text.plist.strings</string>
			<key>name</key>
			<string>en</string>
			<key>path</key>
			<string>en.lproj/InfoPlist.strings</string>
			<key>sourceTree</key>
			<string>&lt;group&gt;</string>
		</dict>
		<key>80C40BD118EFEEEE00FBF8C7</key>
		<dict>
			<key>fileRef</key>
			<string>80C40BCF18EFEEEE00FBF8C7</string>
			<key>isa</key>
			<string>PBXBuildFile</string>
		</dict>
		<key>80C40BD218EFEEEE00FBF8C7</key>
		<dict>
			<key>isa</key>
			<string>PBXFileReference</string>
			<key>lastKnownFileType</key>
			<string>sourcecode.c.objc</string>
			<key>path</key>
			<string>VectorUtilsTests.m</string>
			<key>sourceTree</key>
			<string>&lt;group&gt;</string>
		</dict>
		<key>80C40BD318EFEEEE00FBF8C7</key>
		<dict>
			<key>fileRef</key>
			<string>80C40BD218EFEEEE00FBF8C7</string>
			<key>isa</key>
			<string>PBXBuildFile</string>
		</dict>
		<key>80C40BD418EFEEEE00FBF8C7</key>
		<dict>
			<key>buildSettings</key>
			<dict>
				<key>ALWAYS_SEARCH_USER_PATHS</key>
				<string>NO</string>
				<key>CLANG_CXX_LANGUAGE_STANDARD</key>
				<string>gnu++0x</string>
				<key>CLANG_CXX_LIBRARY</key>
				<string>libc++</string>
				<key>CLANG_ENABLE_MODULES</key>
				<string>YES</string>
				<key>CLANG_ENABLE_OBJC_ARC</key>
				<string>YES</string>
				<key>CLANG_WARN_BOOL_CONVERSION</key>
				<string>YES</string>
				<key>CLANG_WARN_CONSTANT_CONVERSION</key>
				<string>YES</string>
				<key>CLANG_WARN_DIRECT_OBJC_ISA_USAGE</key>
				<string>YES_ERROR</string>
				<key>CLANG_WARN_EMPTY_BODY</key>
				<string>YES</string>
				<key>CLANG_WARN_ENUM_CONVERSION</key>
				<string>YES</string>
				<key>CLANG_WARN_INT_CONVERSION</key>
				<string>YES</string>
				<key>CLANG_WARN_OBJC_ROOT_CLASS</key>
				<string>YES_ERROR</string>
				<key>CLANG_WARN__DUPLICATE_METHOD_MATCH</key>
				<string>YES</string>
				<key>CODE_SIGN_IDENTITY[sdk=iphoneos*]</key>
				<string>iPhone Developer</string>
				<key>COPY_PHASE_STRIP</key>
				<string>NO</string>
				<key>GCC_C_LANGUAGE_STANDARD</key>
				<string>gnu99</string>
				<key>GCC_DYNAMIC_NO_PIC</key>
				<string>NO</string>
				<key>GCC_OPTIMIZATION_LEVEL</key>
				<string>0</string>
				<key>GCC_PREPROCESSOR_DEFINITIONS</key>
				<array>
					<string>DEBUG=1</string>
					<string>$(inherited)</string>
				</array>
				<key>GCC_SYMBOLS_PRIVATE_EXTERN</key>
				<string>NO</string>
				<key>GCC_WARN_64_TO_32_BIT_CONVERSION</key>
				<string>YES</string>
				<key>GCC_WARN_ABOUT_RETURN_TYPE</key>
				<string>YES_ERROR</string>
				<key>GCC_WARN_UNDECLARED_SELECTOR</key>
				<string>YES</string>
				<key>GCC_WARN_UNINITIALIZED_AUTOS</key>
				<string>YES_AGGRESSIVE</string>
				<key>GCC_WARN_UNUSED_FUNCTION</key>
				<string>YES</string>
				<key>GCC_WARN_UNUSED_VARIABLE</key>
				<string>YES</string>
				<key>IPHONEOS_DEPLOYMENT_TARGET</key>
				<string>7.0</string>
				<key>ONLY_ACTIVE_ARCH</key>
				<string>YES</string>
				<key>SDKROOT</key>
				<string>iphoneos</string>
				<key>TARGETED_DEVICE_FAMILY</key>
				<string>1,2</string>
			</dict>
			<key>isa</key>
			<string>XCBuildConfiguration</string>
			<key>name</key>
			<string>Debug</string>
		</dict>
		<key>80C40BD518EFEEEE00FBF8C7</key>
		<dict>
			<key>buildSettings</key>
			<dict>
				<key>ALWAYS_SEARCH_USER_PATHS</key>
				<string>NO</string>
				<key>CLANG_CXX_LANGUAGE_STANDARD</key>
				<string>gnu++0x</string>
				<key>CLANG_CXX_LIBRARY</key>
				<string>libc++</string>
				<key>CLANG_ENABLE_MODULES</key>
				<string>YES</string>
				<key>CLANG_ENABLE_OBJC_ARC</key>
				<string>YES</string>
				<key>CLANG_WARN_BOOL_CONVERSION</key>
				<string>YES</string>
				<key>CLANG_WARN_CONSTANT_CONVERSION</key>
				<string>YES</string>
				<key>CLANG_WARN_DIRECT_OBJC_ISA_USAGE</key>
				<string>YES_ERROR</string>
				<key>CLANG_WARN_EMPTY_BODY</key>
				<string>YES</string>
				<key>CLANG_WARN_ENUM_CONVERSION</key>
				<string>YES</string>
				<key>CLANG_WARN_INT_CONVERSION</key>
				<string>YES</string>
				<key>CLANG_WARN_OBJC_ROOT_CLASS</key>
				<string>YES_ERROR</string>
				<key>CLANG_WARN__DUPLICATE_METHOD_MATCH</key>
				<string>YES</string>
				<key>CODE_SIGN_IDENTITY[sdk=iphoneos*]</key>
				<string>iPhone Developer</string>
				<key>COPY_PHASE_STRIP</key>
				<string>YES</string>
				<key>ENABLE_NS_ASSERTIONS</key>
				<string>NO</string>
				<key>GCC_C_LANGUAGE_STANDARD</key>
				<string>gnu99</string>
				<key>GCC_WARN_64_TO_32_BIT_CONVERSION</key>
				<string>YES</string>
				<key>GCC_WARN_ABOUT_RETURN_TYPE</key>
				<string>YES_ERROR</string>
				<key>GCC_WARN_UNDECLARED_SELECTOR</key>
				<string>YES</string>
				<key>GCC_WARN_UNINITIALIZED_AUTOS</key>
				<string>YES_AGGRESSIVE</string>
				<key>GCC_WARN_UNUSED_FUNCTION</key>
				<string>YES</string>
				<key>GCC_WARN_UNUSED_VARIABLE</key>
				<string>YES</string>
				<key>IPHONEOS_DEPLOYMENT_TARGET</key>
				<string>7.0</string>
				<key>SDKROOT</key>
				<string>iphoneos</string>
				<key>TARGETED_DEVICE_FAMILY</key>
				<string>1,2</string>
				<key>VALIDATE_PRODUCT</key>
				<string>YES</string>
			</dict>
			<key>isa</key>
			<string>XCBuildConfiguration</string>
			<key>name</key>
			<string>Release</string>
		</dict>
		<key>80C40BD618EFEEEE00FBF8C7</key>
		<dict>
			<key>buildConfigurations</key>
			<array>
				<string>80C40BD718EFEEEE00FBF8C7</string>
				<string>80C40BD818EFEEEE00FBF8C7</string>
			</array>
			<key>defaultConfigurationIsVisible</key>
			<string>0</string>
			<key>defaultConfigurationName</key>
			<string>Release</string>
			<key>isa</key>
			<string>XCConfigurationList</string>
		</dict>
		<key>80C40BD718EFEEEE00FBF8C7</key>
		<dict>
			<key>baseConfigurationReference</key>
			<string>7D4266432AA049FF96951084</string>
			<key>buildSettings</key>
			<dict>
				<key>ASSETCATALOG_COMPILER_APPICON_NAME</key>
				<string>AppIcon</string>
				<key>ASSETCATALOG_COMPILER_LAUNCHIMAGE_NAME</key>
				<string>LaunchImage</string>
				<key>GCC_PRECOMPILE_PREFIX_HEADER</key>
				<string>YES</string>
				<key>GCC_PREFIX_HEADER</key>
				<string>HungryDog/HungryDog-Prefix.pch</string>
				<key>INFOPLIST_FILE</key>
				<string>HungryDog/HungryDog-Info.plist</string>
				<key>PRODUCT_NAME</key>
				<string>$(TARGET_NAME)</string>
				<key>SPRITEKIT_TEXTURE_ATLAS_OUTPUT</key>
				<string>YES</string>
				<key>WRAPPER_EXTENSION</key>
				<string>app</string>
			</dict>
			<key>isa</key>
			<string>XCBuildConfiguration</string>
			<key>name</key>
			<string>Debug</string>
		</dict>
		<key>80C40BD818EFEEEE00FBF8C7</key>
		<dict>
			<key>baseConfigurationReference</key>
			<string>7D4266432AA049FF96951084</string>
			<key>buildSettings</key>
			<dict>
				<key>ASSETCATALOG_COMPILER_APPICON_NAME</key>
				<string>AppIcon</string>
				<key>ASSETCATALOG_COMPILER_LAUNCHIMAGE_NAME</key>
				<string>LaunchImage</string>
				<key>GCC_PRECOMPILE_PREFIX_HEADER</key>
				<string>YES</string>
				<key>GCC_PREFIX_HEADER</key>
				<string>HungryDog/HungryDog-Prefix.pch</string>
				<key>INFOPLIST_FILE</key>
				<string>HungryDog/HungryDog-Info.plist</string>
				<key>PRODUCT_NAME</key>
				<string>$(TARGET_NAME)</string>
				<key>SPRITEKIT_TEXTURE_ATLAS_OUTPUT</key>
				<string>YES</string>
				<key>WRAPPER_EXTENSION</key>
				<string>app</string>
			</dict>
			<key>isa</key>
			<string>XCBuildConfiguration</string>
			<key>name</key>
			<string>Release</string>
		</dict>
		<key>80C40BD918EFEEEE00FBF8C7</key>
		<dict>
			<key>buildConfigurations</key>
			<array>
				<string>80C40BDA18EFEEEE00FBF8C7</string>
				<string>80C40BDB18EFEEEE00FBF8C7</string>
			</array>
			<key>defaultConfigurationIsVisible</key>
			<string>0</string>
			<key>defaultConfigurationName</key>
			<string>Release</string>
			<key>isa</key>
			<string>XCConfigurationList</string>
		</dict>
		<key>80C40BDA18EFEEEE00FBF8C7</key>
		<dict>
			<key>buildSettings</key>
			<dict>
				<key>BUNDLE_LOADER</key>
				<string>$(BUILT_PRODUCTS_DIR)/HungryDog.app/HungryDog</string>
				<key>FRAMEWORK_SEARCH_PATHS</key>
				<array>
					<string>$(SDKROOT)/Developer/Library/Frameworks</string>
					<string>$(inherited)</string>
					<string>$(DEVELOPER_FRAMEWORKS_DIR)</string>
				</array>
				<key>GCC_PRECOMPILE_PREFIX_HEADER</key>
				<string>YES</string>
				<key>GCC_PREFIX_HEADER</key>
				<string>HungryDog/HungryDog-Prefix.pch</string>
				<key>GCC_PREPROCESSOR_DEFINITIONS</key>
				<array>
					<string>DEBUG=1</string>
					<string>$(inherited)</string>
				</array>
				<key>INFOPLIST_FILE</key>
				<string>HungryDogTests/HungryDogTests-Info.plist</string>
				<key>PRODUCT_NAME</key>
				<string>$(TARGET_NAME)</string>
				<key>TEST_HOST</key>
				<string>$(BUNDLE_LOADER)</string>
				<key>WRAPPER_EXTENSION</key>
				<string>xctest</string>
			</dict>
			<key>isa</key>
			<string>XCBuildConfiguration</string>
			<key>name</key>
			<string>Debug</string>
		</dict>
		<key>80C40BDB18EFEEEE00FBF8C7</key>
		<dict>
			<key>buildSettings</key>
			<dict>
				<key>BUNDLE_LOADER</key>
				<string>$(BUILT_PRODUCTS_DIR)/HungryDog.app/HungryDog</string>
				<key>FRAMEWORK_SEARCH_PATHS</key>
				<array>
					<string>$(SDKROOT)/Developer/Library/Frameworks</string>
					<string>$(inherited)</string>
					<string>$(DEVELOPER_FRAMEWORKS_DIR)</string>
				</array>
				<key>GCC_PRECOMPILE_PREFIX_HEADER</key>
				<string>YES</string>
				<key>GCC_PREFIX_HEADER</key>
				<string>HungryDog/HungryDog-Prefix.pch</string>
				<key>INFOPLIST_FILE</key>
				<string>HungryDogTests/HungryDogTests-Info.plist</string>
				<key>PRODUCT_NAME</key>
				<string>$(TARGET_NAME)</string>
				<key>TEST_HOST</key>
				<string>$(BUNDLE_LOADER)</string>
				<key>WRAPPER_EXTENSION</key>
				<string>xctest</string>
			</dict>
			<key>isa</key>
			<string>XCBuildConfiguration</string>
			<key>name</key>
			<string>Release</string>
		</dict>
		<key>80C40BDC18EFFCB000FBF8C7</key>
		<dict>
			<key>children</key>
			<array>
				<string>8013DAFD191220B700F85469</string>
				<string>80DE58DE18F6693200E6DB97</string>
				<string>80C40BDE18EFFCF500FBF8C7</string>
				<string>80C40BDD18EFFCEA00FBF8C7</string>
				<string>80C40BB118EFEEEE00FBF8C7</string>
				<string>80C40BB418EFEEEE00FBF8C7</string>
				<string>80C40BE918F17B1900FBF8C7</string>
				<string>80C40BEA18F17B1900FBF8C7</string>
				<string>80C40BEC18F17C4B00FBF8C7</string>
				<string>80C40BED18F17C4B00FBF8C7</string>
				<string>80A7CD6B18F49473006357D7</string>
				<string>80A7CD6C18F49473006357D7</string>
				<string>80DE58E218F676A700E6DB97</string>
				<string>80DE58E318F676A700E6DB97</string>
			</array>
			<key>isa</key>
			<string>PBXGroup</string>
			<key>name</key>
			<string>UI</string>
			<key>sourceTree</key>
			<string>&lt;group&gt;</string>
		</dict>
		<key>80C40BDD18EFFCEA00FBF8C7</key>
		<dict>
			<key>children</key>
			<array>
				<string>80C40BEF18F18AE000FBF8C7</string>
				<string>80C40BF018F18AE000FBF8C7</string>
				<string>80C40BE318F1706D00FBF8C7</string>
				<string>80C40BE418F1706D00FBF8C7</string>
			</array>
			<key>isa</key>
			<string>PBXGroup</string>
			<key>name</key>
			<string>Scenes</string>
			<key>sourceTree</key>
			<string>&lt;group&gt;</string>
		</dict>
		<key>80C40BDE18EFFCF500FBF8C7</key>
		<dict>
			<key>children</key>
			<array>
				<string>80C40BB718EFEEEE00FBF8C7</string>
				<string>80C40BB818EFEEEE00FBF8C7</string>
				<string>80BEEFC1192947DD00AD8E83</string>
				<string>80BEEFC2192947DD00AD8E83</string>
				<string>80BEEFC3192947DD00AD8E83</string>
			</array>
			<key>isa</key>
			<string>PBXGroup</string>
			<key>name</key>
			<string>Controllers</string>
			<key>sourceTree</key>
			<string>&lt;group&gt;</string>
		</dict>
		<key>80C40BDF18EFFD2900FBF8C7</key>
		<dict>
			<key>children</key>
			<array>
				<string>80502A621901CF1000FBAAF9</string>
				<string>804372D31912977300980B0B</string>
				<string>80C40BBD18EFEEEE00FBF8C7</string>
				<string>80C40BBF18EFEEEE00FBF8C7</string>
			</array>
			<key>isa</key>
			<string>PBXGroup</string>
			<key>name</key>
			<string>Resources</string>
			<key>sourceTree</key>
			<string>&lt;group&gt;</string>
		</dict>
		<key>80C40BE018F1612B00FBF8C7</key>
		<dict>
			<key>fileEncoding</key>
			<string>4</string>
			<key>isa</key>
			<string>PBXFileReference</string>
			<key>lastKnownFileType</key>
			<string>sourcecode.c.h</string>
			<key>path</key>
			<string>VectorUtils.h</string>
			<key>sourceTree</key>
			<string>&lt;group&gt;</string>
		</dict>
		<key>80C40BE118F1612B00FBF8C7</key>
		<dict>
			<key>fileEncoding</key>
			<string>4</string>
			<key>isa</key>
			<string>PBXFileReference</string>
			<key>lastKnownFileType</key>
			<string>sourcecode.c.objc</string>
			<key>path</key>
			<string>VectorUtils.m</string>
			<key>sourceTree</key>
			<string>&lt;group&gt;</string>
		</dict>
		<key>80C40BE218F1612B00FBF8C7</key>
		<dict>
			<key>fileRef</key>
			<string>80C40BE118F1612B00FBF8C7</string>
			<key>isa</key>
			<string>PBXBuildFile</string>
		</dict>
		<key>80C40BE318F1706D00FBF8C7</key>
		<dict>
			<key>fileEncoding</key>
			<string>4</string>
			<key>isa</key>
			<string>PBXFileReference</string>
			<key>lastKnownFileType</key>
			<string>sourcecode.c.h</string>
			<key>path</key>
			<string>MainScene.h</string>
			<key>sourceTree</key>
			<string>&lt;group&gt;</string>
		</dict>
		<key>80C40BE418F1706D00FBF8C7</key>
		<dict>
			<key>fileEncoding</key>
			<string>4</string>
			<key>isa</key>
			<string>PBXFileReference</string>
			<key>lastKnownFileType</key>
			<string>sourcecode.c.objc</string>
			<key>path</key>
			<string>MainScene.m</string>
			<key>sourceTree</key>
			<string>&lt;group&gt;</string>
		</dict>
		<key>80C40BE518F1706D00FBF8C7</key>
		<dict>
			<key>fileRef</key>
			<string>80C40BE418F1706D00FBF8C7</string>
			<key>isa</key>
			<string>PBXBuildFile</string>
		</dict>
		<key>80C40BE618F1782800FBF8C7</key>
		<dict>
			<key>fileEncoding</key>
			<string>4</string>
			<key>isa</key>
			<string>PBXFileReference</string>
			<key>lastKnownFileType</key>
			<string>sourcecode.c.h</string>
			<key>path</key>
			<string>SKLabelNode+HungryDogAdditions.h</string>
			<key>sourceTree</key>
			<string>&lt;group&gt;</string>
		</dict>
		<key>80C40BE718F1782800FBF8C7</key>
		<dict>
			<key>fileEncoding</key>
			<string>4</string>
			<key>isa</key>
			<string>PBXFileReference</string>
			<key>lastKnownFileType</key>
			<string>sourcecode.c.objc</string>
			<key>path</key>
			<string>SKLabelNode+HungryDogAdditions.m</string>
			<key>sourceTree</key>
			<string>&lt;group&gt;</string>
		</dict>
		<key>80C40BE818F1782800FBF8C7</key>
		<dict>
			<key>fileRef</key>
			<string>80C40BE718F1782800FBF8C7</string>
			<key>isa</key>
			<string>PBXBuildFile</string>
		</dict>
		<key>80C40BE918F17B1900FBF8C7</key>
		<dict>
			<key>fileEncoding</key>
			<string>4</string>
			<key>isa</key>
			<string>PBXFileReference</string>
			<key>lastKnownFileType</key>
			<string>sourcecode.c.h</string>
			<key>path</key>
			<string>UIConstants.h</string>
			<key>sourceTree</key>
			<string>&lt;group&gt;</string>
		</dict>
		<key>80C40BEA18F17B1900FBF8C7</key>
		<dict>
			<key>fileEncoding</key>
			<string>4</string>
			<key>isa</key>
			<string>PBXFileReference</string>
			<key>lastKnownFileType</key>
			<string>sourcecode.c.objc</string>
			<key>path</key>
			<string>UIConstants.m</string>
			<key>sourceTree</key>
			<string>&lt;group&gt;</string>
		</dict>
		<key>80C40BEB18F17B1900FBF8C7</key>
		<dict>
			<key>fileRef</key>
			<string>80C40BEA18F17B1900FBF8C7</string>
			<key>isa</key>
			<string>PBXBuildFile</string>
		</dict>
		<key>80C40BEC18F17C4B00FBF8C7</key>
		<dict>
			<key>fileEncoding</key>
			<string>4</string>
			<key>isa</key>
			<string>PBXFileReference</string>
			<key>lastKnownFileType</key>
			<string>sourcecode.c.h</string>
			<key>path</key>
			<string>UIUtils.h</string>
			<key>sourceTree</key>
			<string>&lt;group&gt;</string>
		</dict>
		<key>80C40BED18F17C4B00FBF8C7</key>
		<dict>
			<key>fileEncoding</key>
			<string>4</string>
			<key>isa</key>
			<string>PBXFileReference</string>
			<key>lastKnownFileType</key>
			<string>sourcecode.c.objc</string>
			<key>path</key>
			<string>UIUtils.m</string>
			<key>sourceTree</key>
			<string>&lt;group&gt;</string>
		</dict>
		<key>80C40BEE18F17C4B00FBF8C7</key>
		<dict>
			<key>fileRef</key>
			<string>80C40BED18F17C4B00FBF8C7</string>
			<key>isa</key>
			<string>PBXBuildFile</string>
		</dict>
		<key>80C40BEF18F18AE000FBF8C7</key>
		<dict>
			<key>fileEncoding</key>
			<string>4</string>
			<key>isa</key>
			<string>PBXFileReference</string>
			<key>lastKnownFileType</key>
			<string>sourcecode.c.h</string>
			<key>path</key>
			<string>GameScene.h</string>
			<key>sourceTree</key>
			<string>&lt;group&gt;</string>
		</dict>
		<key>80C40BF018F18AE000FBF8C7</key>
		<dict>
			<key>fileEncoding</key>
			<string>4</string>
			<key>isa</key>
			<string>PBXFileReference</string>
			<key>lastKnownFileType</key>
			<string>sourcecode.c.objc</string>
			<key>path</key>
			<string>GameScene.m</string>
			<key>sourceTree</key>
			<string>&lt;group&gt;</string>
		</dict>
		<key>80C40BF118F18AE000FBF8C7</key>
		<dict>
			<key>fileRef</key>
			<string>80C40BF018F18AE000FBF8C7</string>
			<key>isa</key>
			<string>PBXBuildFile</string>
		</dict>
		<key>80C40BFC18F46F8400FBF8C7</key>
		<dict>
			<key>fileEncoding</key>
			<string>4</string>
			<key>isa</key>
			<string>PBXFileReference</string>
			<key>lastKnownFileType</key>
			<string>sourcecode.c.h</string>
			<key>path</key>
			<string>ScoreHandler.h</string>
			<key>sourceTree</key>
			<string>&lt;group&gt;</string>
		</dict>
		<key>80C40BFD18F46F8500FBF8C7</key>
		<dict>
			<key>fileEncoding</key>
			<string>4</string>
			<key>isa</key>
			<string>PBXFileReference</string>
			<key>lastKnownFileType</key>
			<string>sourcecode.c.objc</string>
			<key>path</key>
			<string>ScoreHandler.m</string>
			<key>sourceTree</key>
			<string>&lt;group&gt;</string>
		</dict>
		<key>80C40BFE18F46F8500FBF8C7</key>
		<dict>
			<key>fileRef</key>
			<string>80C40BFD18F46F8500FBF8C7</string>
			<key>isa</key>
			<string>PBXBuildFile</string>
		</dict>
		<key>80C40BFF18F4714C00FBF8C7</key>
		<dict>
			<key>children</key>
			<array>
				<string>80DE58DB18F5FBA400E6DB97</string>
				<string>80DE58DC18F5FBA400E6DB97</string>
				<string>80C9935718FC4236001E9D44</string>
				<string>80C9935818FC4236001E9D44</string>
				<string>80B2699319014F4A00CBAC55</string>
				<string>80B2699419014FD900CBAC55</string>
				<string>80B2699519014FD900CBAC55</string>
				<string>802F9C0518F7295300747E7C</string>
				<string>802F9C0618F7295300747E7C</string>
				<string>80686F0418F5C9B000DB415E</string>
				<string>80686F0518F5C9B000DB415E</string>
				<string>80C40C0018F4717C00FBF8C7</string>
				<string>80C40C0118F4717C00FBF8C7</string>
				<string>80387F33190396BE00FA98CE</string>
				<string>80387F34190396BE00FA98CE</string>
				<string>80C0C5B21903B116003FD590</string>
				<string>80C0C5B31903B116003FD590</string>
				<string>80387F2C1902F8C600FA98CE</string>
				<string>80387F2D1902F8C600FA98CE</string>
				<string>80387F32190302D500FA98CE</string>
				<string>80C40BFC18F46F8400FBF8C7</string>
				<string>80C40BFD18F46F8500FBF8C7</string>
				<string>80C9935D18FCEF90001E9D44</string>
				<string>80C9935E18FCEF90001E9D44</string>
				<string>80B269971901572C00CBAC55</string>
				<string>80B269981901572C00CBAC55</string>
				<string>80B2699A1901586B00CBAC55</string>
				<string>80B2699B1901586B00CBAC55</string>
				<string>80701FAB19124FEA00A8BEB0</string>
				<string>80701FAC1912519700A8BEB0</string>
				<string>80BEEFBE19293F1E00AD8E83</string>
				<string>80BEEFBF19293F1E00AD8E83</string>
			</array>
			<key>isa</key>
			<string>PBXGroup</string>
			<key>name</key>
			<string>Model</string>
			<key>sourceTree</key>
			<string>&lt;group&gt;</string>
		</dict>
		<key>80C40C0018F4717C00FBF8C7</key>
		<dict>
			<key>fileEncoding</key>
			<string>4</string>
			<key>isa</key>
			<string>PBXFileReference</string>
			<key>lastKnownFileType</key>
			<string>sourcecode.c.h</string>
			<key>path</key>
			<string>GamePlay.h</string>
			<key>sourceTree</key>
			<string>&lt;group&gt;</string>
		</dict>
		<key>80C40C0118F4717C00FBF8C7</key>
		<dict>
			<key>fileEncoding</key>
			<string>4</string>
			<key>isa</key>
			<string>PBXFileReference</string>
			<key>lastKnownFileType</key>
			<string>sourcecode.c.objc</string>
			<key>path</key>
			<string>GamePlay.m</string>
			<key>sourceTree</key>
			<string>&lt;group&gt;</string>
		</dict>
		<key>80C40C0218F4717C00FBF8C7</key>
		<dict>
			<key>fileRef</key>
			<string>80C40C0118F4717C00FBF8C7</string>
			<key>isa</key>
			<string>PBXBuildFile</string>
		</dict>
		<key>80C40C0318F47C5200FBF8C7</key>
		<dict>
			<key>fileEncoding</key>
			<string>4</string>
			<key>isa</key>
			<string>PBXFileReference</string>
			<key>lastKnownFileType</key>
			<string>sourcecode.c.h</string>
			<key>path</key>
			<string>NSString+ScoreAdditions.h</string>
			<key>sourceTree</key>
			<string>&lt;group&gt;</string>
		</dict>
		<key>80C40C0418F47C5200FBF8C7</key>
		<dict>
			<key>fileEncoding</key>
			<string>4</string>
			<key>isa</key>
			<string>PBXFileReference</string>
			<key>lastKnownFileType</key>
			<string>sourcecode.c.objc</string>
			<key>path</key>
			<string>NSString+ScoreAdditions.m</string>
			<key>sourceTree</key>
			<string>&lt;group&gt;</string>
		</dict>
		<key>80C40C0518F47C5200FBF8C7</key>
		<dict>
			<key>fileRef</key>
			<string>80C40C0418F47C5200FBF8C7</string>
			<key>isa</key>
			<string>PBXBuildFile</string>
		</dict>
		<key>80C9935718FC4236001E9D44</key>
		<dict>
			<key>fileEncoding</key>
			<string>4</string>
			<key>isa</key>
			<string>PBXFileReference</string>
			<key>lastKnownFileType</key>
			<string>sourcecode.c.h</string>
			<key>path</key>
			<string>CatcherHandler.h</string>
			<key>sourceTree</key>
			<string>&lt;group&gt;</string>
		</dict>
		<key>80C9935818FC4236001E9D44</key>
		<dict>
			<key>fileEncoding</key>
			<string>4</string>
			<key>isa</key>
			<string>PBXFileReference</string>
			<key>lastKnownFileType</key>
			<string>sourcecode.c.objc</string>
			<key>path</key>
			<string>CatcherHandler.m</string>
			<key>sourceTree</key>
			<string>&lt;group&gt;</string>
		</dict>
		<key>80C9935918FC4236001E9D44</key>
		<dict>
			<key>fileRef</key>
			<string>80C9935818FC4236001E9D44</string>
			<key>isa</key>
			<string>PBXBuildFile</string>
		</dict>
		<key>80C9935A18FC4EDD001E9D44</key>
		<dict>
			<key>fileEncoding</key>
			<string>4</string>
			<key>isa</key>
			<string>PBXFileReference</string>
			<key>lastKnownFileType</key>
			<string>sourcecode.c.h</string>
			<key>path</key>
			<string>SKAction+CatcherAdditions.h</string>
			<key>sourceTree</key>
			<string>&lt;group&gt;</string>
		</dict>
		<key>80C9935B18FC4EDD001E9D44</key>
		<dict>
			<key>fileEncoding</key>
			<string>4</string>
			<key>isa</key>
			<string>PBXFileReference</string>
			<key>lastKnownFileType</key>
			<string>sourcecode.c.objc</string>
			<key>path</key>
			<string>SKAction+CatcherAdditions.m</string>
			<key>sourceTree</key>
			<string>&lt;group&gt;</string>
		</dict>
		<key>80C9935C18FC4EDD001E9D44</key>
		<dict>
			<key>fileRef</key>
			<string>80C9935B18FC4EDD001E9D44</string>
			<key>isa</key>
			<string>PBXBuildFile</string>
		</dict>
		<key>80C9935D18FCEF90001E9D44</key>
		<dict>
			<key>fileEncoding</key>
			<string>4</string>
			<key>isa</key>
			<string>PBXFileReference</string>
			<key>lastKnownFileType</key>
			<string>sourcecode.c.h</string>
			<key>path</key>
			<string>StrategyMaker.h</string>
			<key>sourceTree</key>
			<string>&lt;group&gt;</string>
		</dict>
		<key>80C9935E18FCEF90001E9D44</key>
		<dict>
			<key>fileEncoding</key>
			<string>4</string>
			<key>isa</key>
			<string>PBXFileReference</string>
			<key>lastKnownFileType</key>
			<string>sourcecode.c.objc</string>
			<key>path</key>
			<string>StrategyMaker.m</string>
			<key>sourceTree</key>
			<string>&lt;group&gt;</string>
		</dict>
		<key>80C9935F18FCEF90001E9D44</key>
		<dict>
			<key>fileRef</key>
			<string>80C9935E18FCEF90001E9D44</string>
			<key>isa</key>
			<string>PBXBuildFile</string>
		</dict>
		<key>80CF3F261925E8100075E169</key>
		<dict>
			<key>children</key>
			<array>
				<string>80CF3F271925E8740075E169</string>
				<string>80CF3F281925E8750075E169</string>
				<string>80CF3F2A1925E8880075E169</string>
				<string>80CF3F2B1925E8880075E169</string>
				<string>80CF3F311925EE1D0075E169</string>
				<string>80CF3F321925EE1D0075E169</string>
			</array>
			<key>isa</key>
			<string>PBXGroup</string>
			<key>name</key>
			<string>InApp Purchase</string>
			<key>sourceTree</key>
			<string>&lt;group&gt;</string>
		</dict>
		<key>80CF3F271925E8740075E169</key>
		<dict>
			<key>fileEncoding</key>
			<string>4</string>
			<key>isa</key>
			<string>PBXFileReference</string>
			<key>lastKnownFileType</key>
			<string>sourcecode.c.h</string>
			<key>path</key>
			<string>InAppManager.h</string>
			<key>sourceTree</key>
			<string>&lt;group&gt;</string>
		</dict>
		<key>80CF3F281925E8750075E169</key>
		<dict>
			<key>fileEncoding</key>
			<string>4</string>
			<key>isa</key>
			<string>PBXFileReference</string>
			<key>lastKnownFileType</key>
			<string>sourcecode.c.objc</string>
			<key>path</key>
			<string>InAppManager.m</string>
			<key>sourceTree</key>
			<string>&lt;group&gt;</string>
		</dict>
		<key>80CF3F291925E8750075E169</key>
		<dict>
			<key>fileRef</key>
			<string>80CF3F281925E8750075E169</string>
			<key>isa</key>
			<string>PBXBuildFile</string>
		</dict>
		<key>80CF3F2A1925E8880075E169</key>
		<dict>
			<key>fileEncoding</key>
			<string>4</string>
			<key>isa</key>
			<string>PBXFileReference</string>
			<key>lastKnownFileType</key>
			<string>sourcecode.c.h</string>
			<key>path</key>
			<string>InAppObserver.h</string>
			<key>sourceTree</key>
			<string>&lt;group&gt;</string>
		</dict>
		<key>80CF3F2B1925E8880075E169</key>
		<dict>
			<key>fileEncoding</key>
			<string>4</string>
			<key>isa</key>
			<string>PBXFileReference</string>
			<key>lastKnownFileType</key>
			<string>sourcecode.c.objc</string>
			<key>path</key>
			<string>InAppObserver.m</string>
			<key>sourceTree</key>
			<string>&lt;group&gt;</string>
		</dict>
		<key>80CF3F2C1925E8880075E169</key>
		<dict>
			<key>fileRef</key>
			<string>80CF3F2B1925E8880075E169</string>
			<key>isa</key>
			<string>PBXBuildFile</string>
		</dict>
		<key>80CF3F2D1925E8C00075E169</key>
		<dict>
			<key>isa</key>
			<string>PBXFileReference</string>
			<key>lastKnownFileType</key>
			<string>wrapper.framework</string>
			<key>name</key>
			<string>StoreKit.framework</string>
			<key>path</key>
			<string>System/Library/Frameworks/StoreKit.framework</string>
			<key>sourceTree</key>
			<string>SDKROOT</string>
		</dict>
		<key>80CF3F2E1925E8C00075E169</key>
		<dict>
			<key>fileRef</key>
			<string>80CF3F2D1925E8C00075E169</string>
			<key>isa</key>
			<string>PBXBuildFile</string>
		</dict>
		<key>80CF3F311925EE1D0075E169</key>
		<dict>
			<key>fileEncoding</key>
			<string>4</string>
			<key>isa</key>
			<string>PBXFileReference</string>
			<key>lastKnownFileType</key>
			<string>sourcecode.c.h</string>
			<key>path</key>
			<string>InAppPurchaseProductsInformationProvider.h</string>
			<key>sourceTree</key>
			<string>&lt;group&gt;</string>
		</dict>
		<key>80CF3F321925EE1D0075E169</key>
		<dict>
			<key>fileEncoding</key>
			<string>4</string>
			<key>isa</key>
			<string>PBXFileReference</string>
			<key>lastKnownFileType</key>
			<string>sourcecode.c.objc</string>
			<key>path</key>
			<string>InAppPurchaseProductsInformationProvider.m</string>
			<key>sourceTree</key>
			<string>&lt;group&gt;</string>
		</dict>
		<key>80CF3F331925EE1D0075E169</key>
		<dict>
			<key>fileRef</key>
			<string>80CF3F321925EE1D0075E169</string>
			<key>isa</key>
			<string>PBXBuildFile</string>
		</dict>
		<key>80DE58DB18F5FBA400E6DB97</key>
		<dict>
			<key>fileEncoding</key>
			<string>4</string>
			<key>isa</key>
			<string>PBXFileReference</string>
			<key>lastKnownFileType</key>
			<string>sourcecode.c.h</string>
			<key>path</key>
			<string>BoneGenerator.h</string>
			<key>sourceTree</key>
			<string>&lt;group&gt;</string>
		</dict>
		<key>80DE58DC18F5FBA400E6DB97</key>
		<dict>
			<key>fileEncoding</key>
			<string>4</string>
			<key>isa</key>
			<string>PBXFileReference</string>
			<key>lastKnownFileType</key>
			<string>sourcecode.c.objc</string>
			<key>path</key>
			<string>BoneGenerator.m</string>
			<key>sourceTree</key>
			<string>&lt;group&gt;</string>
		</dict>
		<key>80DE58DD18F5FBA400E6DB97</key>
		<dict>
			<key>fileRef</key>
			<string>80DE58DC18F5FBA400E6DB97</string>
			<key>isa</key>
			<string>PBXBuildFile</string>
		</dict>
		<key>80DE58DE18F6693200E6DB97</key>
		<dict>
			<key>children</key>
			<array>
				<string>80DE58DF18F6697700E6DB97</string>
				<string>80DE58E018F6697700E6DB97</string>
				<string>8018857218F71F9A00F64A0B</string>
				<string>8018857318F71F9A00F64A0B</string>
				<string>80C9935A18FC4EDD001E9D44</string>
				<string>80C9935B18FC4EDD001E9D44</string>
				<string>80387F2F1903011C00FA98CE</string>
				<string>80387F301903011C00FA98CE</string>
				<string>80387F361903986100FA98CE</string>
				<string>80387F371903986100FA98CE</string>
				<string>80C0C5B51904576F003FD590</string>
				<string>80C0C5B61904576F003FD590</string>
			</array>
			<key>isa</key>
			<string>PBXGroup</string>
			<key>name</key>
			<string>Actions</string>
			<key>sourceTree</key>
			<string>&lt;group&gt;</string>
		</dict>
		<key>80DE58DF18F6697700E6DB97</key>
		<dict>
			<key>fileEncoding</key>
			<string>4</string>
			<key>isa</key>
			<string>PBXFileReference</string>
			<key>lastKnownFileType</key>
			<string>sourcecode.c.h</string>
			<key>path</key>
			<string>SKAction+BoneAdditions.h</string>
			<key>sourceTree</key>
			<string>&lt;group&gt;</string>
		</dict>
		<key>80DE58E018F6697700E6DB97</key>
		<dict>
			<key>fileEncoding</key>
			<string>4</string>
			<key>isa</key>
			<string>PBXFileReference</string>
			<key>lastKnownFileType</key>
			<string>sourcecode.c.objc</string>
			<key>path</key>
			<string>SKAction+BoneAdditions.m</string>
			<key>sourceTree</key>
			<string>&lt;group&gt;</string>
		</dict>
		<key>80DE58E118F6697700E6DB97</key>
		<dict>
			<key>fileRef</key>
			<string>80DE58E018F6697700E6DB97</string>
			<key>isa</key>
			<string>PBXBuildFile</string>
		</dict>
		<key>80DE58E218F676A700E6DB97</key>
		<dict>
			<key>fileEncoding</key>
			<string>4</string>
			<key>isa</key>
			<string>PBXFileReference</string>
			<key>lastKnownFileType</key>
			<string>sourcecode.c.h</string>
			<key>path</key>
			<string>GameSceneSpritesOrganizer.h</string>
			<key>sourceTree</key>
			<string>&lt;group&gt;</string>
		</dict>
		<key>80DE58E318F676A700E6DB97</key>
		<dict>
			<key>fileEncoding</key>
			<string>4</string>
			<key>isa</key>
			<string>PBXFileReference</string>
			<key>lastKnownFileType</key>
			<string>sourcecode.c.objc</string>
			<key>path</key>
			<string>GameSceneSpritesOrganizer.m</string>
			<key>sourceTree</key>
			<string>&lt;group&gt;</string>
		</dict>
		<key>80DE58E418F676A700E6DB97</key>
		<dict>
			<key>fileRef</key>
			<string>80DE58E318F676A700E6DB97</string>
			<key>isa</key>
			<string>PBXBuildFile</string>
		</dict>
		<key>BC3163B7D66241DBB6AA619F</key>
		<dict>
			<key>fileRef</key>
			<string>21CEE55B9C22417192EEE2CD</string>
			<key>isa</key>
			<string>PBXBuildFile</string>
		</dict>
	</dict>
	<key>rootObject</key>
	<string>80C40B9218EFEEEE00FBF8C7</string>
</dict>
</plist>
